
Microsoft Visual Studio Solution File, Format Version 12.00
# Visual Studio Version 16
VisualStudioVersion = 16.0.29911.84
MinimumVisualStudioVersion = 10.0.40219.1
Project("{FAE04EC0-301F-11D3-BF4B-00C04F79EFBC}") = "PG.Inspinia.TagHelpers", "PG.Inspinia.TagHelpers.csproj", "{72AD004B-0F6A-4237-8E3D-5382734EC35F}"
EndProject
Global
	GlobalSection(SolutionConfigurationPlatforms) = preSolution
		Debug|Any CPU = Debug|Any CPU
		Release|Any CPU = Release|Any CPU
	EndGlobalSection
	GlobalSection(ProjectConfigurationPlatforms) = postSolution
		{72AD004B-0F6A-4237-8E3D-5382734EC35F}.Debug|Any CPU.ActiveCfg = Debug|Any CPU
		{72AD004B-0F6A-4237-8E3D-5382734EC35F}.Debug|Any CPU.Build.0 = Debug|Any CPU
		{72AD004B-0F6A-4237-8E3D-5382734EC35F}.Release|Any CPU.ActiveCfg = Release|Any CPU
		{72AD004B-0F6A-4237-8E3D-5382734EC35F}.Release|Any CPU.Build.0 = Release|Any CPU
	EndGlobalSection
	GlobalSection(SolutionProperties) = preSolution
		HideSolutionNode = FALSE
	EndGlobalSection
	GlobalSection(ExtensibilityGlobals) = postSolution
		SolutionGuid = {77913A41-97D6-41DD-85F2-26A56A34B263}
	EndGlobalSection
EndGlobal
